
Microsoft Visual Studio Solution File, Format Version 12.00
# Visual Studio Version 16
VisualStudioVersion = 16.0.30309.148
MinimumVisualStudioVersion = 10.0.40219.1
Project("{00D1A9C2-B5F0-4AF3-8072-F6C62B433612}") = "CMData", "CMData\CMData.sqlproj", "{718003F2-F11E-4B88-95C4-CD08E1B99756}"
EndProject
Project("{9A19103F-16F7-4668-BE54-9A1E7A4F7556}") = "CMDesktopApp", "CMDesktopApp\CMDesktopApp.csproj", "{FCDED609-1630-4917-9A3A-67D63E108132}"
EndProject
Project("{9A19103F-16F7-4668-BE54-9A1E7A4F7556}") = "CMApi", "CMApi\CMApi.csproj", "{F0655254-9910-49C2-966E-958C3877DBF4}"
EndProject
Project("{2150E333-8FDC-42A3-9474-1A3956D46DE8}") = "API", "API", "{9396C49B-A5D5-4FDF-B025-3D1C0384EF94}"
EndProject
Project("{2150E333-8FDC-42A3-9474-1A3956D46DE8}") = "Database", "Database", "{D6E48E33-4A72-4F2B-9B8D-04B9B7FD5B71}"
EndProject
Project("{2150E333-8FDC-42A3-9474-1A3956D46DE8}") = "DesktopApp", "DesktopApp", "{67778078-AA85-49B6-99E2-F0865105EED8}"
EndProject
Project("{9A19103F-16F7-4668-BE54-9A1E7A4F7556}") = "CMApi.Library", "CMApi.Library\CMApi.Library.csproj", "{4D29B5DC-8C04-4AAB-A993-AE176D1F5556}"
EndProject
Project("{9A19103F-16F7-4668-BE54-9A1E7A4F7556}") = "CMDesktopApp.Library", "CMDesktopApp.Library\CMDesktopApp.Library.csproj", "{F73AB446-98A8-463F-A8A5-0DBD05988AA3}"
EndProject
Project("{9A19103F-16F7-4668-BE54-9A1E7A4F7556}") = "CMApi.Library.Test", "CMApi.Library.Test\CMApi.Library.Test.csproj", "{1B621B6B-9212-429B-850B-C2F215826D4F}"
EndProject
Global
	GlobalSection(SolutionConfigurationPlatforms) = preSolution
		Debug|Any CPU = Debug|Any CPU
		Release|Any CPU = Release|Any CPU
	EndGlobalSection
	GlobalSection(ProjectConfigurationPlatforms) = postSolution
		{718003F2-F11E-4B88-95C4-CD08E1B99756}.Debug|Any CPU.ActiveCfg = Debug|Any CPU
		{718003F2-F11E-4B88-95C4-CD08E1B99756}.Debug|Any CPU.Build.0 = Debug|Any CPU
		{718003F2-F11E-4B88-95C4-CD08E1B99756}.Debug|Any CPU.Deploy.0 = Debug|Any CPU
		{718003F2-F11E-4B88-95C4-CD08E1B99756}.Release|Any CPU.ActiveCfg = Release|Any CPU
		{718003F2-F11E-4B88-95C4-CD08E1B99756}.Release|Any CPU.Build.0 = Release|Any CPU
		{718003F2-F11E-4B88-95C4-CD08E1B99756}.Release|Any CPU.Deploy.0 = Release|Any CPU
		{FCDED609-1630-4917-9A3A-67D63E108132}.Debug|Any CPU.ActiveCfg = Debug|Any CPU
		{FCDED609-1630-4917-9A3A-67D63E108132}.Debug|Any CPU.Build.0 = Debug|Any CPU
		{FCDED609-1630-4917-9A3A-67D63E108132}.Release|Any CPU.ActiveCfg = Release|Any CPU
		{FCDED609-1630-4917-9A3A-67D63E108132}.Release|Any CPU.Build.0 = Release|Any CPU
		{F0655254-9910-49C2-966E-958C3877DBF4}.Debug|Any CPU.ActiveCfg = Debug|Any CPU
		{F0655254-9910-49C2-966E-958C3877DBF4}.Debug|Any CPU.Build.0 = Debug|Any CPU
		{F0655254-9910-49C2-966E-958C3877DBF4}.Release|Any CPU.ActiveCfg = Release|Any CPU
		{F0655254-9910-49C2-966E-958C3877DBF4}.Release|Any CPU.Build.0 = Release|Any CPU
		{4D29B5DC-8C04-4AAB-A993-AE176D1F5556}.Debug|Any CPU.ActiveCfg = Debug|Any CPU
		{4D29B5DC-8C04-4AAB-A993-AE176D1F5556}.Debug|Any CPU.Build.0 = Debug|Any CPU
		{4D29B5DC-8C04-4AAB-A993-AE176D1F5556}.Release|Any CPU.ActiveCfg = Release|Any CPU
		{4D29B5DC-8C04-4AAB-A993-AE176D1F5556}.Release|Any CPU.Build.0 = Release|Any CPU
		{F73AB446-98A8-463F-A8A5-0DBD05988AA3}.Debug|Any CPU.ActiveCfg = Debug|Any CPU
		{F73AB446-98A8-463F-A8A5-0DBD05988AA3}.Debug|Any CPU.Build.0 = Debug|Any CPU
		{F73AB446-98A8-463F-A8A5-0DBD05988AA3}.Release|Any CPU.ActiveCfg = Release|Any CPU
		{F73AB446-98A8-463F-A8A5-0DBD05988AA3}.Release|Any CPU.Build.0 = Release|Any CPU
		{1B621B6B-9212-429B-850B-C2F215826D4F}.Debug|Any CPU.ActiveCfg = Debug|Any CPU
		{1B621B6B-9212-429B-850B-C2F215826D4F}.Debug|Any CPU.Build.0 = Debug|Any CPU
		{1B621B6B-9212-429B-850B-C2F215826D4F}.Release|Any CPU.ActiveCfg = Release|Any CPU
		{1B621B6B-9212-429B-850B-C2F215826D4F}.Release|Any CPU.Build.0 = Release|Any CPU
	EndGlobalSection
	GlobalSection(SolutionProperties) = preSolution
		HideSolutionNode = FALSE
	EndGlobalSection
	GlobalSection(NestedProjects) = preSolution
		{718003F2-F11E-4B88-95C4-CD08E1B99756} = {D6E48E33-4A72-4F2B-9B8D-04B9B7FD5B71}
		{FCDED609-1630-4917-9A3A-67D63E108132} = {67778078-AA85-49B6-99E2-F0865105EED8}
		{F0655254-9910-49C2-966E-958C3877DBF4} = {9396C49B-A5D5-4FDF-B025-3D1C0384EF94}
		{4D29B5DC-8C04-4AAB-A993-AE176D1F5556} = {9396C49B-A5D5-4FDF-B025-3D1C0384EF94}
		{F73AB446-98A8-463F-A8A5-0DBD05988AA3} = {67778078-AA85-49B6-99E2-F0865105EED8}
		{1B621B6B-9212-429B-850B-C2F215826D4F} = {9396C49B-A5D5-4FDF-B025-3D1C0384EF94}
	EndGlobalSection
	GlobalSection(ExtensibilityGlobals) = postSolution
		SolutionGuid = {A1B64A2C-E4E2-4E00-8F4D-E687B1FAF74C}
	EndGlobalSection
EndGlobal
